
Microsoft Visual Studio Solution File, Format Version 10.00
# Visual Studio 2008
Project("{8BC9CEB8-8B4A-11D0-8D11-00A0C91BC942}") = "KidPadTool", "KidPadTool\KidPadTool.vcproj", "{CEDA9921-5A52-489B-8349-A7A476851C6A}"
EndProject
Project("{54435603-DBB4-11D2-8724-00A0C9A8B90C}") = "Setup", "Setup\Setup.vdproj", "{72949DC4-CECD-4A51-AF88-EFCF733BC385}"
EndProject
Project("{54435603-DBB4-11D2-8724-00A0C9A8B90C}") = "BYMSetup", "BYMSetup\BYMSetup.vdproj", "{B4456218-2037-44B3-8161-48A51DC52638}"
EndProject
Project("{54435603-DBB4-11D2-8724-00A0C9A8B90C}") = "XBWSetup", "XBWSetup\XBWSetup.vdproj", "{18104CBB-9C33-481A-B004-C2560E174CE6}"
EndProject
Project("{54435603-DBB4-11D2-8724-00A0C9A8B90C}") = "XXMSetup", "XXMSetup\XXMSetup.vdproj", "{15BF0BAD-933A-48D6-90D7-B964BF16B874}"
EndProject
Global
	GlobalSection(SolutionConfigurationPlatforms) = preSolution
		BYM_Debug|Win32 = BYM_Debug|Win32
		BYM_Release|Win32 = BYM_Release|Win32
		Debug|Win32 = Debug|Win32
		Release|Win32 = Release|Win32
		XBW_Debug|Win32 = XBW_Debug|Win32
		XBW_Release|Win32 = XBW_Release|Win32
		XXM_Debug|Win32 = XXM_Debug|Win32
		XXM_Release|Win32 = XXM_Release|Win32
	EndGlobalSection
	GlobalSection(ProjectConfigurationPlatforms) = postSolution
		{CEDA9921-5A52-489B-8349-A7A476851C6A}.BYM_Debug|Win32.ActiveCfg = BYM_Debug|Win32
		{CEDA9921-5A52-489B-8349-A7A476851C6A}.BYM_Debug|Win32.Build.0 = BYM_Debug|Win32
		{CEDA9921-5A52-489B-8349-A7A476851C6A}.BYM_Release|Win32.ActiveCfg = BYM_Release|Win32
		{CEDA9921-5A52-489B-8349-A7A476851C6A}.BYM_Release|Win32.Build.0 = BYM_Release|Win32
		{CEDA9921-5A52-489B-8349-A7A476851C6A}.Debug|Win32.ActiveCfg = Debug|Win32
		{CEDA9921-5A52-489B-8349-A7A476851C6A}.Debug|Win32.Build.0 = Debug|Win32
		{CEDA9921-5A52-489B-8349-A7A476851C6A}.Release|Win32.ActiveCfg = Release|Win32
		{CEDA9921-5A52-489B-8349-A7A476851C6A}.Release|Win32.Build.0 = Release|Win32
		{CEDA9921-5A52-489B-8349-A7A476851C6A}.XBW_Debug|Win32.ActiveCfg = XBW_Debug|Win32
		{CEDA9921-5A52-489B-8349-A7A476851C6A}.XBW_Debug|Win32.Build.0 = XBW_Debug|Win32
		{CEDA9921-5A52-489B-8349-A7A476851C6A}.XBW_Release|Win32.ActiveCfg = XBW_Release|Win32
		{CEDA9921-5A52-489B-8349-A7A476851C6A}.XBW_Release|Win32.Build.0 = XBW_Release|Win32
		{CEDA9921-5A52-489B-8349-A7A476851C6A}.XXM_Debug|Win32.ActiveCfg = XXM_Debug|Win32
		{CEDA9921-5A52-489B-8349-A7A476851C6A}.XXM_Debug|Win32.Build.0 = XXM_Debug|Win32
		{CEDA9921-5A52-489B-8349-A7A476851C6A}.XXM_Release|Win32.ActiveCfg = XXM_Release|Win32
		{CEDA9921-5A52-489B-8349-A7A476851C6A}.XXM_Release|Win32.Build.0 = XXM_Release|Win32
		{72949DC4-CECD-4A51-AF88-EFCF733BC385}.BYM_Debug|Win32.ActiveCfg = BYM_Debug
		{72949DC4-CECD-4A51-AF88-EFCF733BC385}.BYM_Release|Win32.ActiveCfg = BYM_Release
		{72949DC4-CECD-4A51-AF88-EFCF733BC385}.Debug|Win32.ActiveCfg = Debug
		{72949DC4-CECD-4A51-AF88-EFCF733BC385}.Release|Win32.ActiveCfg = Release
		{72949DC4-CECD-4A51-AF88-EFCF733BC385}.XBW_Debug|Win32.ActiveCfg = XBW_Debug
		{72949DC4-CECD-4A51-AF88-EFCF733BC385}.XBW_Release|Win32.ActiveCfg = XBW_Release
		{72949DC4-CECD-4A51-AF88-EFCF733BC385}.XXM_Debug|Win32.ActiveCfg = XXM_Debug
		{72949DC4-CECD-4A51-AF88-EFCF733BC385}.XXM_Release|Win32.ActiveCfg = XXM_Release
		{B4456218-2037-44B3-8161-48A51DC52638}.BYM_Debug|Win32.ActiveCfg = BYM_Debug
		{B4456218-2037-44B3-8161-48A51DC52638}.BYM_Debug|Win32.Build.0 = BYM_Debug
		{B4456218-2037-44B3-8161-48A51DC52638}.BYM_Release|Win32.ActiveCfg = BYM_Release
		{B4456218-2037-44B3-8161-48A51DC52638}.BYM_Release|Win32.Build.0 = BYM_Release
		{B4456218-2037-44B3-8161-48A51DC52638}.Debug|Win32.ActiveCfg = Debug
		{B4456218-2037-44B3-8161-48A51DC52638}.Debug|Win32.Build.0 = Debug
		{B4456218-2037-44B3-8161-48A51DC52638}.Release|Win32.ActiveCfg = Release
		{B4456218-2037-44B3-8161-48A51DC52638}.Release|Win32.Build.0 = Release
		{B4456218-2037-44B3-8161-48A51DC52638}.XBW_Debug|Win32.ActiveCfg = XBW_Debug
		{B4456218-2037-44B3-8161-48A51DC52638}.XBW_Debug|Win32.Build.0 = XBW_Debug
		{B4456218-2037-44B3-8161-48A51DC52638}.XBW_Release|Win32.ActiveCfg = XBW_Release
		{B4456218-2037-44B3-8161-48A51DC52638}.XBW_Release|Win32.Build.0 = XBW_Release
		{B4456218-2037-44B3-8161-48A51DC52638}.XXM_Debug|Win32.ActiveCfg = XXM_Debug
		{B4456218-2037-44B3-8161-48A51DC52638}.XXM_Debug|Win32.Build.0 = XXM_Debug
		{B4456218-2037-44B3-8161-48A51DC52638}.XXM_Release|Win32.ActiveCfg = XXM_Release
		{B4456218-2037-44B3-8161-48A51DC52638}.XXM_Release|Win32.Build.0 = XXM_Release
		{18104CBB-9C33-481A-B004-C2560E174CE6}.BYM_Debug|Win32.ActiveCfg = Debug
		{18104CBB-9C33-481A-B004-C2560E174CE6}.BYM_Debug|Win32.Build.0 = Debug
		{18104CBB-9C33-481A-B004-C2560E174CE6}.BYM_Release|Win32.ActiveCfg = Release
		{18104CBB-9C33-481A-B004-C2560E174CE6}.BYM_Release|Win32.Build.0 = Release
		{18104CBB-9C33-481A-B004-C2560E174CE6}.Debug|Win32.ActiveCfg = Debug
		{18104CBB-9C33-481A-B004-C2560E174CE6}.Debug|Win32.Build.0 = Debug
		{18104CBB-9C33-481A-B004-C2560E174CE6}.Release|Win32.ActiveCfg = Release
		{18104CBB-9C33-481A-B004-C2560E174CE6}.Release|Win32.Build.0 = Release
		{18104CBB-9C33-481A-B004-C2560E174CE6}.XBW_Debug|Win32.ActiveCfg = XBW_Debug
		{18104CBB-9C33-481A-B004-C2560E174CE6}.XBW_Debug|Win32.Build.0 = XBW_Debug
		{18104CBB-9C33-481A-B004-C2560E174CE6}.XBW_Release|Win32.ActiveCfg = XBW_Release
		{18104CBB-9C33-481A-B004-C2560E174CE6}.XBW_Release|Win32.Build.0 = XBW_Release
		{18104CBB-9C33-481A-B004-C2560E174CE6}.XXM_Debug|Win32.ActiveCfg = XXM_Debug
		{18104CBB-9C33-481A-B004-C2560E174CE6}.XXM_Debug|Win32.Build.0 = XXM_Debug
		{18104CBB-9C33-481A-B004-C2560E174CE6}.XXM_Release|Win32.ActiveCfg = XXM_Release
		{18104CBB-9C33-481A-B004-C2560E174CE6}.XXM_Release|Win32.Build.0 = XXM_Release
		{15BF0BAD-933A-48D6-90D7-B964BF16B874}.BYM_Debug|Win32.ActiveCfg = Debug
		{15BF0BAD-933A-48D6-90D7-B964BF16B874}.BYM_Debug|Win32.Build.0 = Debug
		{15BF0BAD-933A-48D6-90D7-B964BF16B874}.BYM_Release|Win32.ActiveCfg = Release
		{15BF0BAD-933A-48D6-90D7-B964BF16B874}.BYM_Release|Win32.Build.0 = Release
		{15BF0BAD-933A-48D6-90D7-B964BF16B874}.Debug|Win32.ActiveCfg = Debug
		{15BF0BAD-933A-48D6-90D7-B964BF16B874}.Debug|Win32.Build.0 = Debug
		{15BF0BAD-933A-48D6-90D7-B964BF16B874}.Release|Win32.ActiveCfg = Release
		{15BF0BAD-933A-48D6-90D7-B964BF16B874}.Release|Win32.Build.0 = Release
		{15BF0BAD-933A-48D6-90D7-B964BF16B874}.XBW_Debug|Win32.ActiveCfg = XBW_Debug
		{15BF0BAD-933A-48D6-90D7-B964BF16B874}.XBW_Debug|Win32.Build.0 = XBW_Debug
		{15BF0BAD-933A-48D6-90D7-B964BF16B874}.XBW_Release|Win32.ActiveCfg = XBW_Release
		{15BF0BAD-933A-48D6-90D7-B964BF16B874}.XBW_Release|Win32.Build.0 = XBW_Release
		{15BF0BAD-933A-48D6-90D7-B964BF16B874}.XXM_Debug|Win32.ActiveCfg = XXM_Debug
		{15BF0BAD-933A-48D6-90D7-B964BF16B874}.XXM_Debug|Win32.Build.0 = XXM_Debug
		{15BF0BAD-933A-48D6-90D7-B964BF16B874}.XXM_Release|Win32.ActiveCfg = XXM_Release
		{15BF0BAD-933A-48D6-90D7-B964BF16B874}.XXM_Release|Win32.Build.0 = XXM_Release
	EndGlobalSection
	GlobalSection(SolutionProperties) = preSolution
		HideSolutionNode = FALSE
	EndGlobalSection
EndGlobal
